
Microsoft Visual Studio Solution File, Format Version 12.00
# Visual Studio Version 17
VisualStudioVersion = 17.3.32922.545
MinimumVisualStudioVersion = 10.0.40219.1
Project("{FAE04EC0-301F-11D3-BF4B-00C04F79EFBC}") = "pracric12_3(Robot)_Poleev", "pracric12_3(Robot)_Poleev.csproj", "{44CF7C9C-64D5-4920-92A1-0D8128DE576D}"
EndProject
Global
	GlobalSection(SolutionConfigurationPlatforms) = preSolution
		Debug|Any CPU = Debug|Any CPU
		Release|Any CPU = Release|Any CPU
	EndGlobalSection
	GlobalSection(ProjectConfigurationPlatforms) = postSolution
		{44CF7C9C-64D5-4920-92A1-0D8128DE576D}.Debug|Any CPU.ActiveCfg = Debug|Any CPU
		{44CF7C9C-64D5-4920-92A1-0D8128DE576D}.Debug|Any CPU.Build.0 = Debug|Any CPU
		{44CF7C9C-64D5-4920-92A1-0D8128DE576D}.Release|Any CPU.ActiveCfg = Release|Any CPU
		{44CF7C9C-64D5-4920-92A1-0D8128DE576D}.Release|Any CPU.Build.0 = Release|Any CPU
	EndGlobalSection
	GlobalSection(SolutionProperties) = preSolution
		HideSolutionNode = FALSE
	EndGlobalSection
	GlobalSection(ExtensibilityGlobals) = postSolution
		SolutionGuid = {ABFF3DCD-97CF-48D2-8B19-234485F8528D}
	EndGlobalSection
EndGlobal
